
Microsoft Visual Studio Solution File, Format Version 12.00
# Visual Studio 2012
Project("{FAE04EC0-301F-11D3-BF4B-00C04F79EFBC}") = "AnagramFinder.MVC", "AnagramFinder.MVC\AnagramFinder.MVC.csproj", "{2A81A0F2-B548-4681-A316-1EC4270B2A6F}"
EndProject
Project("{FAE04EC0-301F-11D3-BF4B-00C04F79EFBC}") = "AnagramFinder.MVC.Tests", "AnagramFinder.MVC.Tests\AnagramFinder.MVC.Tests.csproj", "{B89EA7E0-AC13-4725-841A-04F8306D730B}"
EndProject
Global
	GlobalSection(SolutionConfigurationPlatforms) = preSolution
		Debug|Any CPU = Debug|Any CPU
		Release|Any CPU = Release|Any CPU
	EndGlobalSection
	GlobalSection(ProjectConfigurationPlatforms) = postSolution
		{2A81A0F2-B548-4681-A316-1EC4270B2A6F}.Debug|Any CPU.ActiveCfg = Debug|Any CPU
		{2A81A0F2-B548-4681-A316-1EC4270B2A6F}.Debug|Any CPU.Build.0 = Debug|Any CPU
		{2A81A0F2-B548-4681-A316-1EC4270B2A6F}.Release|Any CPU.ActiveCfg = Release|Any CPU
		{2A81A0F2-B548-4681-A316-1EC4270B2A6F}.Release|Any CPU.Build.0 = Release|Any CPU
		{B89EA7E0-AC13-4725-841A-04F8306D730B}.Debug|Any CPU.ActiveCfg = Debug|Any CPU
		{B89EA7E0-AC13-4725-841A-04F8306D730B}.Debug|Any CPU.Build.0 = Debug|Any CPU
		{B89EA7E0-AC13-4725-841A-04F8306D730B}.Release|Any CPU.ActiveCfg = Release|Any CPU
		{B89EA7E0-AC13-4725-841A-04F8306D730B}.Release|Any CPU.Build.0 = Release|Any CPU
	EndGlobalSection
	GlobalSection(SolutionProperties) = preSolution
		HideSolutionNode = FALSE
	EndGlobalSection
EndGlobal
